
Microsoft Visual Studio Solution File, Format Version 12.00
# Visual Studio Version 16
VisualStudioVersion = 16.0.31129.286
MinimumVisualStudioVersion = 10.0.40219.1
Project("{FAE04EC0-301F-11D3-BF4B-00C04F79EFBC}") = "FavoriFilmler", "FavoriFilmler\FavoriFilmler.csproj", "{6416B65F-CFA6-427D-BDFD-5FEA0EB213A7}"
EndProject
Global
	GlobalSection(SolutionConfigurationPlatforms) = preSolution
		Debug|Any CPU = Debug|Any CPU
		Release|Any CPU = Release|Any CPU
	EndGlobalSection
	GlobalSection(ProjectConfigurationPlatforms) = postSolution
		{6416B65F-CFA6-427D-BDFD-5FEA0EB213A7}.Debug|Any CPU.ActiveCfg = Debug|Any CPU
		{6416B65F-CFA6-427D-BDFD-5FEA0EB213A7}.Debug|Any CPU.Build.0 = Debug|Any CPU
		{6416B65F-CFA6-427D-BDFD-5FEA0EB213A7}.Release|Any CPU.ActiveCfg = Release|Any CPU
		{6416B65F-CFA6-427D-BDFD-5FEA0EB213A7}.Release|Any CPU.Build.0 = Release|Any CPU
	EndGlobalSection
	GlobalSection(SolutionProperties) = preSolution
		HideSolutionNode = FALSE
	EndGlobalSection
	GlobalSection(ExtensibilityGlobals) = postSolution
		SolutionGuid = {5F897D93-88FA-426B-85BB-6A5EE0D6D0E5}
	EndGlobalSection
EndGlobal
